{
  "name": "@xiaohuzai/agent-bridge",
  "version": "0.3.1",
  "lockfileVersion": 3,
  "requires": true,
  "packages": {
    "": {
      "name": "@xiaohuzai/agent-bridge",
      "version": "0.3.1",
      "license": "MIT",
      "bin": {
        "agent-bridge": "cli.mjs"
      },
      "engines": {
        "node": ">=18"
      }
    }
  }
}
